
Microsoft Visual Studio Solution File, Format Version 12.00
# Visual Studio Version 16
VisualStudioVersion = 16.0.32413.511
MinimumVisualStudioVersion = 10.0.40219.1
Project("{FAE04EC0-301F-11D3-BF4B-00C04F79EFBC}") = "Automobile", "Automobile\Automobile.csproj", "{0AB0A155-A258-46C8-8248-D2AFC71E458E}"
EndProject
Global
	GlobalSection(SolutionConfigurationPlatforms) = preSolution
		Debug|Any CPU = Debug|Any CPU
		Release|Any CPU = Release|Any CPU
	EndGlobalSection
	GlobalSection(ProjectConfigurationPlatforms) = postSolution
		{0AB0A155-A258-46C8-8248-D2AFC71E458E}.Debug|Any CPU.ActiveCfg = Debug|Any CPU
		{0AB0A155-A258-46C8-8248-D2AFC71E458E}.Debug|Any CPU.Build.0 = Debug|Any CPU
		{0AB0A155-A258-46C8-8248-D2AFC71E458E}.Release|Any CPU.ActiveCfg = Release|Any CPU
		{0AB0A155-A258-46C8-8248-D2AFC71E458E}.Release|Any CPU.Build.0 = Release|Any CPU
	EndGlobalSection
	GlobalSection(SolutionProperties) = preSolution
		HideSolutionNode = FALSE
	EndGlobalSection
	GlobalSection(ExtensibilityGlobals) = postSolution
		SolutionGuid = {72F7FF3A-8887-43BC-9392-B76BD6090011}
	EndGlobalSection
EndGlobal
